
Microsoft Visual Studio Solution File, Format Version 12.00
# Visual Studio 15
VisualStudioVersion = 15.0.27703.2000
MinimumVisualStudioVersion = 10.0.40219.1
Project("{FAE04EC0-301F-11D3-BF4B-00C04F79EFBC}") = "DemoProjectForSelenium", "DemoProjectForSelenium\DemoProjectForSelenium.csproj", "{580D5C87-E8F2-4505-8E8D-99D15D4A8F99}"
EndProject
Global
	GlobalSection(SolutionConfigurationPlatforms) = preSolution
		Debug|Any CPU = Debug|Any CPU
		Release|Any CPU = Release|Any CPU
	EndGlobalSection
	GlobalSection(ProjectConfigurationPlatforms) = postSolution
		{580D5C87-E8F2-4505-8E8D-99D15D4A8F99}.Debug|Any CPU.ActiveCfg = Debug|Any CPU
		{580D5C87-E8F2-4505-8E8D-99D15D4A8F99}.Debug|Any CPU.Build.0 = Debug|Any CPU
		{580D5C87-E8F2-4505-8E8D-99D15D4A8F99}.Release|Any CPU.ActiveCfg = Release|Any CPU
		{580D5C87-E8F2-4505-8E8D-99D15D4A8F99}.Release|Any CPU.Build.0 = Release|Any CPU
	EndGlobalSection
	GlobalSection(SolutionProperties) = preSolution
		HideSolutionNode = FALSE
	EndGlobalSection
	GlobalSection(ExtensibilityGlobals) = postSolution
		SolutionGuid = {F665703A-A4B8-4822-99A0-F6E10DA5EE61}
	EndGlobalSection
EndGlobal
